
Microsoft Visual Studio Solution File, Format Version 12.00
# Visual Studio Version 17
VisualStudioVersion = 17.5.002.0
MinimumVisualStudioVersion = 10.0.40219.1
Project("{9A19103F-16F7-4668-BE54-9A1E7A4F7556}") = "krogercart", "krogercart.csproj", "{99EA2BA3-ADAD-4B44-8E55-3AC425A675EA}"
EndProject
Global
	GlobalSection(SolutionConfigurationPlatforms) = preSolution
		Debug|Any CPU = Debug|Any CPU
		Release|Any CPU = Release|Any CPU
	EndGlobalSection
	GlobalSection(ProjectConfigurationPlatforms) = postSolution
		{99EA2BA3-ADAD-4B44-8E55-3AC425A675EA}.Debug|Any CPU.ActiveCfg = Debug|Any CPU
		{99EA2BA3-ADAD-4B44-8E55-3AC425A675EA}.Debug|Any CPU.Build.0 = Debug|Any CPU
		{99EA2BA3-ADAD-4B44-8E55-3AC425A675EA}.Release|Any CPU.ActiveCfg = Release|Any CPU
		{99EA2BA3-ADAD-4B44-8E55-3AC425A675EA}.Release|Any CPU.Build.0 = Release|Any CPU
	EndGlobalSection
	GlobalSection(SolutionProperties) = preSolution
		HideSolutionNode = FALSE
	EndGlobalSection
	GlobalSection(ExtensibilityGlobals) = postSolution
		SolutionGuid = {1E8543DF-AD95-4EFB-A21A-D728DF77D1C0}
	EndGlobalSection
EndGlobal
